
Microsoft Visual Studio Solution File, Format Version 12.00
# Visual Studio Version 17
VisualStudioVersion = 17.2.32516.85
MinimumVisualStudioVersion = 10.0.40219.1
Project("{FAE04EC0-301F-11D3-BF4B-00C04F79EFBC}") = "ModernUserInterface", "ModernUserInterface\ModernUserInterface.csproj", "{6BB901BC-7CFB-4258-B720-0B4109DB0D05}"
EndProject
Global
	GlobalSection(SolutionConfigurationPlatforms) = preSolution
		Debug|Any CPU = Debug|Any CPU
		Release|Any CPU = Release|Any CPU
	EndGlobalSection
	GlobalSection(ProjectConfigurationPlatforms) = postSolution
		{6BB901BC-7CFB-4258-B720-0B4109DB0D05}.Debug|Any CPU.ActiveCfg = Debug|Any CPU
		{6BB901BC-7CFB-4258-B720-0B4109DB0D05}.Debug|Any CPU.Build.0 = Debug|Any CPU
		{6BB901BC-7CFB-4258-B720-0B4109DB0D05}.Release|Any CPU.ActiveCfg = Release|Any CPU
		{6BB901BC-7CFB-4258-B720-0B4109DB0D05}.Release|Any CPU.Build.0 = Release|Any CPU
	EndGlobalSection
	GlobalSection(SolutionProperties) = preSolution
		HideSolutionNode = FALSE
	EndGlobalSection
	GlobalSection(ExtensibilityGlobals) = postSolution
		SolutionGuid = {C1970E5E-179D-4978-802F-4C9156BEDAF1}
	EndGlobalSection
EndGlobal
